// !$*UTF8*$!
{
	archiveVersion = 1;
	classes = {
	};
	objectVersion = 52;
	objects = {

/* Begin PBXBuildFile section */
		4136A5B824C46C1E00B49C44 /* RepoView.swift in Sources */ = {isa = PBXBuildFile; fileRef = 4136A5B724C46C1E00B49C44 /* RepoView.swift */; };
		4136A5B924C46C1E00B49C44 /* RepoView.swift in Sources */ = {isa = PBXBuildFile; fileRef = 4136A5B724C46C1E00B49C44 /* RepoView.swift */; };
		4136A5BB24C4702B00B49C44 /* NetworkStore.swift in Sources */ = {isa = PBXBuildFile; fileRef = 4136A5BA24C4702B00B49C44 /* NetworkStore.swift */; };
		4136A5BC24C4702B00B49C44 /* NetworkStore.swift in Sources */ = {isa = PBXBuildFile; fileRef = 4136A5BA24C4702B00B49C44 /* NetworkStore.swift */; };
		4136A5BE24C47FB600B49C44 /* FollowingUserView.swift in Sources */ = {isa = PBXBuildFile; fileRef = 4136A5BD24C47FB600B49C44 /* FollowingUserView.swift */; };
		4136A5BF24C47FB600B49C44 /* FollowingUserView.swift in Sources */ = {isa = PBXBuildFile; fileRef = 4136A5BD24C47FB600B49C44 /* FollowingUserView.swift */; };
		4136A5C124C4AB7300B49C44 /* WebView.swift in Sources */ = {isa = PBXBuildFile; fileRef = 4136A5C024C4AB7300B49C44 /* WebView.swift */; };
		4136A5C224C4AB7300B49C44 /* WebView.swift in Sources */ = {isa = PBXBuildFile; fileRef = 4136A5C024C4AB7300B49C44 /* WebView.swift */; };
		4148480E24C33E1300720E7B /* GitBrowserApp.swift in Sources */ = {isa = PBXBuildFile; fileRef = 414847FB24C33E1300720E7B /* GitBrowserApp.swift */; };
		4148480F24C33E1300720E7B /* GitBrowserApp.swift in Sources */ = {isa = PBXBuildFile; fileRef = 414847FB24C33E1300720E7B /* GitBrowserApp.swift */; };
		4148481024C33E1300720E7B /* ContentView.swift in Sources */ = {isa = PBXBuildFile; fileRef = 414847FC24C33E1300720E7B /* ContentView.swift */; };
		4148481124C33E1300720E7B /* ContentView.swift in Sources */ = {isa = PBXBuildFile; fileRef = 414847FC24C33E1300720E7B /* ContentView.swift */; };
		4148481224C33E1300720E7B /* Assets.xcassets in Resources */ = {isa = PBXBuildFile; fileRef = 414847FD24C33E1300720E7B /* Assets.xcassets */; };
		4148481324C33E1300720E7B /* Assets.xcassets in Resources */ = {isa = PBXBuildFile; fileRef = 414847FD24C33E1300720E7B /* Assets.xcassets */; };
		4148481E24C33E7300720E7B /* NetworkManager.swift in Sources */ = {isa = PBXBuildFile; fileRef = 4148481D24C33E7300720E7B /* NetworkManager.swift */; };
		4148481F24C33E7300720E7B /* NetworkManager.swift in Sources */ = {isa = PBXBuildFile; fileRef = 4148481D24C33E7300720E7B /* NetworkManager.swift */; };
		4148482424C33E7E00720E7B /* User.swift in Sources */ = {isa = PBXBuildFile; fileRef = 4148482124C33E7E00720E7B /* User.swift */; };
		4148482524C33E7E00720E7B /* User.swift in Sources */ = {isa = PBXBuildFile; fileRef = 4148482124C33E7E00720E7B /* User.swift */; };
		4148482624C33E7E00720E7B /* FollowingUser.swift in Sources */ = {isa = PBXBuildFile; fileRef = 4148482224C33E7E00720E7B /* FollowingUser.swift */; };
		4148482724C33E7E00720E7B /* FollowingUser.swift in Sources */ = {isa = PBXBuildFile; fileRef = 4148482224C33E7E00720E7B /* FollowingUser.swift */; };
		4148482824C33E7E00720E7B /* Repo.swift in Sources */ = {isa = PBXBuildFile; fileRef = 4148482324C33E7E00720E7B /* Repo.swift */; };
		4148482924C33E7E00720E7B /* Repo.swift in Sources */ = {isa = PBXBuildFile; fileRef = 4148482324C33E7E00720E7B /* Repo.swift */; };
		4148482B24C363F800720E7B /* UserHeader.swift in Sources */ = {isa = PBXBuildFile; fileRef = 4148482A24C363F800720E7B /* UserHeader.swift */; };
		4148482C24C363F800720E7B /* UserHeader.swift in Sources */ = {isa = PBXBuildFile; fileRef = 4148482A24C363F800720E7B /* UserHeader.swift */; };
		4148482F24C364C800720E7B /* KingfisherSwiftUI in Frameworks */ = {isa = PBXBuildFile; productRef = 4148482E24C364C800720E7B /* KingfisherSwiftUI */; };
		418977ED24C445A300970251 /* MainView.swift in Sources */ = {isa = PBXBuildFile; fileRef = 418977EC24C445A300970251 /* MainView.swift */; };
		418977EE24C445A300970251 /* MainView.swift in Sources */ = {isa = PBXBuildFile; fileRef = 418977EC24C445A300970251 /* MainView.swift */; };
/* End PBXBuildFile section */

/* Begin PBXFileReference section */
		4136A5B724C46C1E00B49C44 /* RepoView.swift */ = {isa = PBXFileReference; lastKnownFileType = sourcecode.swift; path = RepoView.swift; sourceTree = "<group>"; };
		4136A5BA24C4702B00B49C44 /* NetworkStore.swift */ = {isa = PBXFileReference; lastKnownFileType = sourcecode.swift; path = NetworkStore.swift; sourceTree = "<group>"; };
		4136A5BD24C47FB600B49C44 /* FollowingUserView.swift */ = {isa = PBXFileReference; lastKnownFileType = sourcecode.swift; path = FollowingUserView.swift; sourceTree = "<group>"; };
		4136A5C024C4AB7300B49C44 /* WebView.swift */ = {isa = PBXFileReference; lastKnownFileType = sourcecode.swift; path = WebView.swift; sourceTree = "<group>"; };
		414847FB24C33E1300720E7B /* GitBrowserApp.swift */ = {isa = PBXFileReference; lastKnownFileType = sourcecode.swift; path = GitBrowserApp.swift; sourceTree = "<group>"; };
		414847FC24C33E1300720E7B /* ContentView.swift */ = {isa = PBXFileReference; lastKnownFileType = sourcecode.swift; path = ContentView.swift; sourceTree = "<group>"; };
		414847FD24C33E1300720E7B /* Assets.xcassets */ = {isa = PBXFileReference; lastKnownFileType = folder.assetcatalog; path = Assets.xcassets; sourceTree = "<group>"; };
		4148480224C33E1300720E7B /* GitBrowser.app */ = {isa = PBXFileReference; explicitFileType = wrapper.application; includeInIndex = 0; path = GitBrowser.app; sourceTree = BUILT_PRODUCTS_DIR; };
		4148480524C33E1300720E7B /* Info.plist */ = {isa = PBXFileReference; lastKnownFileType = text.plist.xml; path = Info.plist; sourceTree = "<group>"; };
		4148480A24C33E1300720E7B /* GitBrowser.app */ = {isa = PBXFileReference; explicitFileType = wrapper.application; includeInIndex = 0; path = GitBrowser.app; sourceTree = BUILT_PRODUCTS_DIR; };
		4148480C24C33E1300720E7B /* Info.plist */ = {isa = PBXFileReference; lastKnownFileType = text.plist.xml; path = Info.plist; sourceTree = "<group>"; };
		4148480D24C33E1300720E7B /* macOS.entitlements */ = {isa = PBXFileReference; lastKnownFileType = text.plist.entitlements; path = macOS.entitlements; sourceTree = "<group>"; };
		4148481C24C33E3200720E7B /* GitBrowser.entitlements */ = {isa = PBXFileReference; lastKnownFileType = text.plist.entitlements; path = GitBrowser.entitlements; sourceTree = "<group>"; };
		4148481D24C33E7300720E7B /* NetworkManager.swift */ = {isa = PBXFileReference; fileEncoding = 4; lastKnownFileType = sourcecode.swift; path = NetworkManager.swift; sourceTree = "<group>"; };
		4148482124C33E7E00720E7B /* User.swift */ = {isa = PBXFileReference; fileEncoding = 4; lastKnownFileType = sourcecode.swift; path = User.swift; sourceTree = "<group>"; };
		4148482224C33E7E00720E7B /* FollowingUser.swift */ = {isa = PBXFileReference; fileEncoding = 4; lastKnownFileType = sourcecode.swift; path = FollowingUser.swift; sourceTree = "<group>"; };
		4148482324C33E7E00720E7B /* Repo.swift */ = {isa = PBXFileReference; fileEncoding = 4; lastKnownFileType = sourcecode.swift; path = Repo.swift; sourceTree = "<group>"; };
		4148482A24C363F800720E7B /* UserHeader.swift */ = {isa = PBXFileReference; lastKnownFileType = sourcecode.swift; path = UserHeader.swift; sourceTree = "<group>"; };
		418977EC24C445A300970251 /* MainView.swift */ = {isa = PBXFileReference; lastKnownFileType = sourcecode.swift; path = MainView.swift; sourceTree = "<group>"; };
/* End PBXFileReference section */

/* Begin PBXFrameworksBuildPhase section */
		414847FF24C33E1300720E7B /* Frameworks */ = {
			isa = PBXFrameworksBuildPhase;
			buildActionMask = 2147483647;
			files = (
				4148482F24C364C800720E7B /* KingfisherSwiftUI in Frameworks */,
			);
			runOnlyForDeploymentPostprocessing = 0;
		};
		4148480724C33E1300720E7B /* Frameworks */ = {
			isa = PBXFrameworksBuildPhase;
			buildActionMask = 2147483647;
			files = (
			);
			runOnlyForDeploymentPostprocessing = 0;
		};
/* End PBXFrameworksBuildPhase section */

/* Begin PBXGroup section */
		414847F524C33E1300720E7B = {
			isa = PBXGroup;
			children = (
				4148481C24C33E3200720E7B /* GitBrowser.entitlements */,
				414847FA24C33E1300720E7B /* Shared */,
				4148480424C33E1300720E7B /* iOS */,
				4148480B24C33E1300720E7B /* macOS */,
				4148480324C33E1300720E7B /* Products */,
			);
			sourceTree = "<group>";
		};
		414847FA24C33E1300720E7B /* Shared */ = {
			isa = PBXGroup;
			children = (
				4136A5BA24C4702B00B49C44 /* NetworkStore.swift */,
				4148481D24C33E7300720E7B /* NetworkManager.swift */,
				414847FB24C33E1300720E7B /* GitBrowserApp.swift */,
				414847FC24C33E1300720E7B /* ContentView.swift */,
				414847FD24C33E1300720E7B /* Assets.xcassets */,
				4148482024C33E7E00720E7B /* Model */,
				4148482A24C363F800720E7B /* UserHeader.swift */,
				418977EC24C445A300970251 /* MainView.swift */,
				4136A5B724C46C1E00B49C44 /* RepoView.swift */,
				4136A5BD24C47FB600B49C44 /* FollowingUserView.swift */,
				4136A5C024C4AB7300B49C44 /* WebView.swift */,
			);
			path = Shared;
			sourceTree = "<group>";
		};
		4148480324C33E1300720E7B /* Products */ = {
			isa = PBXGroup;
			children = (
				4148480224C33E1300720E7B /* GitBrowser.app */,
				4148480A24C33E1300720E7B /* GitBrowser.app */,
			);
			name = Products;
			sourceTree = "<group>";
		};
		4148480424C33E1300720E7B /* iOS */ = {
			isa = PBXGroup;
			children = (
				4148480524C33E1300720E7B /* Info.plist */,
			);
			path = iOS;
			sourceTree = "<group>";
		};
		4148480B24C33E1300720E7B /* macOS */ = {
			isa = PBXGroup;
			children = (
				4148480C24C33E1300720E7B /* Info.plist */,
				4148480D24C33E1300720E7B /* macOS.entitlements */,
			);
			path = macOS;
			sourceTree = "<group>";
		};
		4148482024C33E7E00720E7B /* Model */ = {
			isa = PBXGroup;
			children = (
				4148482124C33E7E00720E7B /* User.swift */,
				4148482224C33E7E00720E7B /* FollowingUser.swift */,
				4148482324C33E7E00720E7B /* Repo.swift */,
			);
			path = Model;
			sourceTree = "<group>";
		};
/* End PBXGroup section */

/* Begin PBXNativeTarget section */
		4148480124C33E1300720E7B /* GitBrowser (iOS) */ = {
			isa = PBXNativeTarget;
			buildConfigurationList = 4148481624C33E1300720E7B /* Build configuration list for PBXNativeTarget "GitBrowser (iOS)" */;
			buildPhases = (
				414847FE24C33E1300720E7B /* Sources */,
				414847FF24C33E1300720E7B /* Frameworks */,
				4148480024C33E1300720E7B /* Resources */,
			);
			buildRules = (
			);
			dependencies = (
			);
			name = "GitBrowser (iOS)";
			packageProductDependencies = (
				4148482E24C364C800720E7B /* KingfisherSwiftUI */,
			);
			productName = "GitBrowser (iOS)";
			productReference = 4148480224C33E1300720E7B /* GitBrowser.app */;
			productType = "com.apple.product-type.application";
		};
		4148480924C33E1300720E7B /* GitBrowser (macOS) */ = {
			isa = PBXNativeTarget;
			buildConfigurationList = 4148481924C33E1300720E7B /* Build configuration list for PBXNativeTarget "GitBrowser (macOS)" */;
			buildPhases = (
				4148480624C33E1300720E7B /* Sources */,
				4148480724C33E1300720E7B /* Frameworks */,
				4148480824C33E1300720E7B /* Resources */,
			);
			buildRules = (
			);
			dependencies = (
			);
			name = "GitBrowser (macOS)";
			productName = "GitBrowser (macOS)";
			productReference = 4148480A24C33E1300720E7B /* GitBrowser.app */;
			productType = "com.apple.product-type.application";
		};
/* End PBXNativeTarget section */

/* Begin PBXProject section */
		414847F624C33E1300720E7B /* Project object */ = {
			isa = PBXProject;
			attributes = {
				LastSwiftUpdateCheck = 1200;
				LastUpgradeCheck = 1200;
				TargetAttributes = {
					4148480124C33E1300720E7B = {
						CreatedOnToolsVersion = 12.0;
					};
					4148480924C33E1300720E7B = {
						CreatedOnToolsVersion = 12.0;
					};
				};
			};
			buildConfigurationList = 414847F924C33E1300720E7B /* Build configuration list for PBXProject "GitBrowser" */;
			compatibilityVersion = "Xcode 9.3";
			developmentRegion = en;
			hasScannedForEncodings = 0;
			knownRegions = (
				en,
				Base,
			);
			mainGroup = 414847F524C33E1300720E7B;
			packageReferences = (
				4148482D24C364C800720E7B /* XCRemoteSwiftPackageReference "Kingfisher" */,
			);
			productRefGroup = 4148480324C33E1300720E7B /* Products */;
			projectDirPath = "";
			projectRoot = "";
			targets = (
				4148480124C33E1300720E7B /* GitBrowser (iOS) */,
				4148480924C33E1300720E7B /* GitBrowser (macOS) */,
			);
		};
/* End PBXProject section */

/* Begin PBXResourcesBuildPhase section */
		4148480024C33E1300720E7B /* Resources */ = {
			isa = PBXResourcesBuildPhase;
			buildActionMask = 2147483647;
			files = (
				4148481224C33E1300720E7B /* Assets.xcassets in Resources */,
			);
			runOnlyForDeploymentPostprocessing = 0;
		};
		4148480824C33E1300720E7B /* Resources */ = {
			isa = PBXResourcesBuildPhase;
			buildActionMask = 2147483647;
			files = (
				4148481324C33E1300720E7B /* Assets.xcassets in Resources */,
			);
			runOnlyForDeploymentPostprocessing = 0;
		};
/* End PBXResourcesBuildPhase section */

/* Begin PBXSourcesBuildPhase section */
		414847FE24C33E1300720E7B /* Sources */ = {
			isa = PBXSourcesBuildPhase;
			buildActionMask = 2147483647;
			files = (
				4136A5BE24C47FB600B49C44 /* FollowingUserView.swift in Sources */,
				4148482424C33E7E00720E7B /* User.swift in Sources */,
				418977ED24C445A300970251 /* MainView.swift in Sources */,
				4148481E24C33E7300720E7B /* NetworkManager.swift in Sources */,
				4148482624C33E7E00720E7B /* FollowingUser.swift in Sources */,
				4136A5BB24C4702B00B49C44 /* NetworkStore.swift in Sources */,
				4148482824C33E7E00720E7B /* Repo.swift in Sources */,
				4148481024C33E1300720E7B /* ContentView.swift in Sources */,
				4148480E24C33E1300720E7B /* GitBrowserApp.swift in Sources */,
				4136A5C124C4AB7300B49C44 /* WebView.swift in Sources */,
				4136A5B824C46C1E00B49C44 /* RepoView.swift in Sources */,
				4148482B24C363F800720E7B /* UserHeader.swift in Sources */,
			);
			runOnlyForDeploymentPostprocessing = 0;
		};
		4148480624C33E1300720E7B /* Sources */ = {
			isa = PBXSourcesBuildPhase;
			buildActionMask = 2147483647;
			files = (
				4136A5BF24C47FB600B49C44 /* FollowingUserView.swift in Sources */,
				4148482524C33E7E00720E7B /* User.swift in Sources */,
				418977EE24C445A300970251 /* MainView.swift in Sources */,
				4148481F24C33E7300720E7B /* NetworkManager.swift in Sources */,
				4148482724C33E7E00720E7B /* FollowingUser.swift in Sources */,
				4136A5BC24C4702B00B49C44 /* NetworkStore.swift in Sources */,
				4148482924C33E7E00720E7B /* Repo.swift in Sources */,
				4148481124C33E1300720E7B /* ContentView.swift in Sources */,
				4148480F24C33E1300720E7B /* GitBrowserApp.swift in Sources */,
				4136A5C224C4AB7300B49C44 /* WebView.swift in Sources */,
				4136A5B924C46C1E00B49C44 /* RepoView.swift in Sources */,
				4148482C24C363F800720E7B /* UserHeader.swift in Sources */,
			);
			runOnlyForDeploymentPostprocessing = 0;
		};
/* End PBXSourcesBuildPhase section */

/* Begin XCBuildConfiguration section */
		4148481424C33E1300720E7B /* Debug */ = {
			isa = XCBuildConfiguration;
			buildSettings = {
				ALWAYS_SEARCH_USER_PATHS = NO;
				CLANG_ANALYZER_NONNULL = YES;
				CLANG_ANALYZER_NUMBER_OBJECT_CONVERSION = YES_AGGRESSIVE;
				CLANG_CXX_LANGUAGE_STANDARD = "gnu++14";
				CLANG_CXX_LIBRARY = "libc++";
				CLANG_ENABLE_MODULES = YES;
				CLANG_ENABLE_OBJC_ARC = YES;
				CLANG_ENABLE_OBJC_WEAK = YES;
				CLANG_WARN_BLOCK_CAPTURE_AUTORELEASING = YES;
				CLANG_WARN_BOOL_CONVERSION = YES;
				CLANG_WARN_COMMA = YES;
				CLANG_WARN_CONSTANT_CONVERSION = YES;
				CLANG_WARN_DEPRECATED_OBJC_IMPLEMENTATIONS = YES;
				CLANG_WARN_DIRECT_OBJC_ISA_USAGE = YES_ERROR;
				CLANG_WARN_DOCUMENTATION_COMMENTS = YES;
				CLANG_WARN_EMPTY_BODY = YES;
				CLANG_WARN_ENUM_CONVERSION = YES;
				CLANG_WARN_INFINITE_RECURSION = YES;
				CLANG_WARN_INT_CONVERSION = YES;
				CLANG_WARN_NON_LITERAL_NULL_CONVERSION = YES;
				CLANG_WARN_OBJC_IMPLICIT_RETAIN_SELF = YES;
				CLANG_WARN_OBJC_LITERAL_CONVERSION = YES;
				CLANG_WARN_OBJC_ROOT_CLASS = YES_ERROR;
				CLANG_WARN_QUOTED_INCLUDE_IN_FRAMEWORK_HEADER = YES;
				CLANG_WARN_RANGE_LOOP_ANALYSIS = YES;
				CLANG_WARN_STRICT_PROTOTYPES = YES;
				CLANG_WARN_SUSPICIOUS_MOVE = YES;
				CLANG_WARN_UNGUARDED_AVAILABILITY = YES_AGGRESSIVE;
				CLANG_WARN_UNREACHABLE_CODE = YES;
				CLANG_WARN__DUPLICATE_METHOD_MATCH = YES;
				COPY_PHASE_STRIP = NO;
				DEBUG_INFORMATION_FORMAT = dwarf;
				ENABLE_STRICT_OBJC_MSGSEND = YES;
				ENABLE_TESTABILITY = YES;
				GCC_C_LANGUAGE_STANDARD = gnu11;
				GCC_DYNAMIC_NO_PIC = NO;
				GCC_NO_COMMON_BLOCKS = YES;
				GCC_OPTIMIZATION_LEVEL = 0;
				GCC_PREPROCESSOR_DEFINITIONS = (
					"DEBUG=1",
					"$(inherited)",
				);
				GCC_WARN_64_TO_32_BIT_CONVERSION = YES;
				GCC_WARN_ABOUT_RETURN_TYPE = YES_ERROR;
				GCC_WARN_UNDECLARED_SELECTOR = YES;
				GCC_WARN_UNINITIALIZED_AUTOS = YES_AGGRESSIVE;
				GCC_WARN_UNUSED_FUNCTION = YES;
				GCC_WARN_UNUSED_VARIABLE = YES;
				MTL_ENABLE_DEBUG_INFO = INCLUDE_SOURCE;
				MTL_FAST_MATH = YES;
				ONLY_ACTIVE_ARCH = YES;
				SWIFT_ACTIVE_COMPILATION_CONDITIONS = DEBUG;
				SWIFT_OPTIMIZATION_LEVEL = "-Onone";
			};
			name = Debug;
		};
		4148481524C33E1300720E7B /* Release */ = {
			isa = XCBuildConfiguration;
			buildSettings = {
				ALWAYS_SEARCH_USER_PATHS = NO;
				CLANG_ANALYZER_NONNULL = YES;
				CLANG_ANALYZER_NUMBER_OBJECT_CONVERSION = YES_AGGRESSIVE;
				CLANG_CXX_LANGUAGE_STANDARD = "gnu++14";
				CLANG_CXX_LIBRARY = "libc++";
				CLANG_ENABLE_MODULES = YES;
				CLANG_ENABLE_OBJC_ARC = YES;
				CLANG_ENABLE_OBJC_WEAK = YES;
				CLANG_WARN_BLOCK_CAPTURE_AUTORELEASING = YES;
				CLANG_WARN_BOOL_CONVERSION = YES;
				CLANG_WARN_COMMA = YES;
				CLANG_WARN_CONSTANT_CONVERSION = YES;
				CLANG_WARN_DEPRECATED_OBJC_IMPLEMENTATIONS = YES;
				CLANG_WARN_DIRECT_OBJC_ISA_USAGE = YES_ERROR;
				CLANG_WARN_DOCUMENTATION_COMMENTS = YES;
				CLANG_WARN_EMPTY_BODY = YES;
				CLANG_WARN_ENUM_CONVERSION = YES;
				CLANG_WARN_INFINITE_RECURSION = YES;
				CLANG_WARN_INT_CONVERSION = YES;
				CLANG_WARN_NON_LITERAL_NULL_CONVERSION = YES;
				CLANG_WARN_OBJC_IMPLICIT_RETAIN_SELF = YES;
				CLANG_WARN_OBJC_LITERAL_CONVERSION = YES;
				CLANG_WARN_OBJC_ROOT_CLASS = YES_ERROR;
				CLANG_WARN_QUOTED_INCLUDE_IN_FRAMEWORK_HEADER = YES;
				CLANG_WARN_RANGE_LOOP_ANALYSIS = YES;
				CLANG_WARN_STRICT_PROTOTYPES = YES;
				CLANG_WARN_SUSPICIOUS_MOVE = YES;
				CLANG_WARN_UNGUARDED_AVAILABILITY = YES_AGGRESSIVE;
				CLANG_WARN_UNREACHABLE_CODE = YES;
				CLANG_WARN__DUPLICATE_METHOD_MATCH = YES;
				COPY_PHASE_STRIP = NO;
				DEBUG_INFORMATION_FORMAT = "dwarf-with-dsym";
				ENABLE_NS_ASSERTIONS = NO;
				ENABLE_STRICT_OBJC_MSGSEND = YES;
				GCC_C_LANGUAGE_STANDARD = gnu11;
				GCC_NO_COMMON_BLOCKS = YES;
				GCC_WARN_64_TO_32_BIT_CONVERSION = YES;
				GCC_WARN_ABOUT_RETURN_TYPE = YES_ERROR;
				GCC_WARN_UNDECLARED_SELECTOR = YES;
				GCC_WARN_UNINITIALIZED_AUTOS = YES_AGGRESSIVE;
				GCC_WARN_UNUSED_FUNCTION = YES;
				GCC_WARN_UNUSED_VARIABLE = YES;
				MTL_ENABLE_DEBUG_INFO = NO;
				MTL_FAST_MATH = YES;
				SWIFT_COMPILATION_MODE = wholemodule;
				SWIFT_OPTIMIZATION_LEVEL = "-O";
			};
			name = Release;
		};
		4148481724C33E1300720E7B /* Debug */ = {
			isa = XCBuildConfiguration;
			buildSettings = {
				ASSETCATALOG_COMPILER_APPICON_NAME = AppIcon;
				ASSETCATALOG_COMPILER_GLOBAL_ACCENT_COLOR_NAME = AccentColor;
				CODE_SIGN_ENTITLEMENTS = GitBrowser.entitlements;
				CODE_SIGN_STYLE = Automatic;
				DEVELOPMENT_TEAM = FABQJ9SY29;
				ENABLE_PREVIEWS = YES;
				INFOPLIST_FILE = iOS/Info.plist;
				IPHONEOS_DEPLOYMENT_TARGET = 14.0;
				LD_RUNPATH_SEARCH_PATHS = (
					"$(inherited)",
					"@executable_path/Frameworks",
				);
				PRODUCT_BUNDLE_IDENTIFIER = io.github.ravitripathi.GitBrowser;
				PRODUCT_NAME = GitBrowser;
				SDKROOT = iphoneos;
				SUPPORTS_MACCATALYST = YES;
				SWIFT_VERSION = 5.0;
				TARGETED_DEVICE_FAMILY = "1,2";
			};
			name = Debug;
		};
		4148481824C33E1300720E7B /* Release */ = {
			isa = XCBuildConfiguration;
			buildSettings = {
				ASSETCATALOG_COMPILER_APPICON_NAME = AppIcon;
				ASSETCATALOG_COMPILER_GLOBAL_ACCENT_COLOR_NAME = AccentColor;
				CODE_SIGN_ENTITLEMENTS = GitBrowser.entitlements;
				CODE_SIGN_STYLE = Automatic;
				DEVELOPMENT_TEAM = FABQJ9SY29;
				ENABLE_PREVIEWS = YES;
				INFOPLIST_FILE = iOS/Info.plist;
				IPHONEOS_DEPLOYMENT_TARGET = 14.0;
				LD_RUNPATH_SEARCH_PATHS = (
					"$(inherited)",
					"@executable_path/Frameworks",
				);
				PRODUCT_BUNDLE_IDENTIFIER = io.github.ravitripathi.GitBrowser;
				PRODUCT_NAME = GitBrowser;
				SDKROOT = iphoneos;
				SUPPORTS_MACCATALYST = YES;
				SWIFT_VERSION = 5.0;
				TARGETED_DEVICE_FAMILY = "1,2";
				VALIDATE_PRODUCT = YES;
			};
			name = Release;
		};
		4148481A24C33E1300720E7B /* Debug */ = {
			isa = XCBuildConfiguration;
			buildSettings = {
				ASSETCATALOG_COMPILER_APPICON_NAME = AppIcon;
				ASSETCATALOG_COMPILER_GLOBAL_ACCENT_COLOR_NAME = AccentColor;
				CODE_SIGN_ENTITLEMENTS = macOS/macOS.entitlements;
				CODE_SIGN_STYLE = Automatic;
				COMBINE_HIDPI_IMAGES = YES;
				DEVELOPMENT_TEAM = FABQJ9SY29;
				ENABLE_HARDENED_RUNTIME = YES;
				ENABLE_PREVIEWS = YES;
				INFOPLIST_FILE = macOS/Info.plist;
				LD_RUNPATH_SEARCH_PATHS = (
					"$(inherited)",
					"@executable_path/../Frameworks",
				);
				MACOSX_DEPLOYMENT_TARGET = 10.16;
				PRODUCT_BUNDLE_IDENTIFIER = io.github.ravitripathi.GitBrowser;
				PRODUCT_NAME = GitBrowser;
				SDKROOT = macosx;
				SWIFT_VERSION = 5.0;
			};
			name = Debug;
		};
		4148481B24C33E1300720E7B /* Release */ = {
			isa = XCBuildConfiguration;
			buildSettings = {
				ASSETCATALOG_COMPILER_APPICON_NAME = AppIcon;
				ASSETCATALOG_COMPILER_GLOBAL_ACCENT_COLOR_NAME = AccentColor;
				CODE_SIGN_ENTITLEMENTS = macOS/macOS.entitlements;
				CODE_SIGN_STYLE = Automatic;
				COMBINE_HIDPI_IMAGES = YES;
				DEVELOPMENT_TEAM = FABQJ9SY29;
				ENABLE_HARDENED_RUNTIME = YES;
				ENABLE_PREVIEWS = YES;
				INFOPLIST_FILE = macOS/Info.plist;
				LD_RUNPATH_SEARCH_PATHS = (
					"$(inherited)",
					"@executable_path/../Frameworks",
				);
				MACOSX_DEPLOYMENT_TARGET = 10.16;
				PRODUCT_BUNDLE_IDENTIFIER = io.github.ravitripathi.GitBrowser;
				PRODUCT_NAME = GitBrowser;
				SDKROOT = macosx;
				SWIFT_VERSION = 5.0;
			};
			name = Release;
		};
/* End XCBuildConfiguration section */

/* Begin XCConfigurationList section */
		414847F924C33E1300720E7B /* Build configuration list for PBXProject "GitBrowser" */ = {
			isa = XCConfigurationList;
			buildConfigurations = (
				4148481424C33E1300720E7B /* Debug */,
				4148481524C33E1300720E7B /* Release */,
			);
			defaultConfigurationIsVisible = 0;
			defaultConfigurationName = Release;
		};
		4148481624C33E1300720E7B /* Build configuration list for PBXNativeTarget "GitBrowser (iOS)" */ = {
			isa = XCConfigurationList;
			buildConfigurations = (
				4148481724C33E1300720E7B /* Debug */,
				4148481824C33E1300720E7B /* Release */,
			);
			defaultConfigurationIsVisible = 0;
			defaultConfigurationName = Release;
		};
		4148481924C33E1300720E7B /* Build configuration list for PBXNativeTarget "GitBrowser (macOS)" */ = {
			isa = XCConfigurationList;
			buildConfigurations = (
				4148481A24C33E1300720E7B /* Debug */,
				4148481B24C33E1300720E7B /* Release */,
			);
			defaultConfigurationIsVisible = 0;
			defaultConfigurationName = Release;
		};
/* End XCConfigurationList section */

/* Begin XCRemoteSwiftPackageReference section */
		4148482D24C364C800720E7B /* XCRemoteSwiftPackageReference "Kingfisher" */ = {
			isa = XCRemoteSwiftPackageReference;
			repositoryURL = "https://github.com/onevcat/Kingfisher.git";
			requirement = {
				kind = upToNextMajorVersion;
				minimumVersion = 5.14.1;
			};
		};
/* End XCRemoteSwiftPackageReference section */

/* Begin XCSwiftPackageProductDependency section */
		4148482E24C364C800720E7B /* KingfisherSwiftUI */ = {
			isa = XCSwiftPackageProductDependency;
			package = 4148482D24C364C800720E7B /* XCRemoteSwiftPackageReference "Kingfisher" */;
			productName = KingfisherSwiftUI;
		};
/* End XCSwiftPackageProductDependency section */
	};
	rootObject = 414847F624C33E1300720E7B /* Project object */;
}
