// !$*UTF8*$!
{
	archiveVersion = 1;
	classes = {
	};
	objectVersion = 52;
	objects = {

/* Begin PBXBuildFile section */
		411D3C2724D41DF400CD6E42 /* SearchBar.swift in Sources */ = {isa = PBXBuildFile; fileRef = 411D3C2624D41DF400CD6E42 /* SearchBar.swift */; };
		411D3C2924D41E1900CD6E42 /* ViewControllerResolver.swift in Sources */ = {isa = PBXBuildFile; fileRef = 411D3C2824D41E1900CD6E42 /* ViewControllerResolver.swift */; };
		41354E9C24CD66B300E181CB /* User.swift in Sources */ = {isa = PBXBuildFile; fileRef = 4148482124C33E7E00720E7B /* User.swift */; };
		41354E9D24CD66D700E181CB /* AppData.swift in Sources */ = {isa = PBXBuildFile; fileRef = 4156C3EB24CC28B10091E585 /* AppData.swift */; };
		41354E9E24CD67B100E181CB /* UserHeader.swift in Sources */ = {isa = PBXBuildFile; fileRef = 4148482A24C363F800720E7B /* UserHeader.swift */; };
		41354E9F24CD681E00E181CB /* Storage.swift in Sources */ = {isa = PBXBuildFile; fileRef = 4156C3E824CC23760091E585 /* Storage.swift */; };
		41354EA124CD685A00E181CB /* KingfisherSwiftUI in Frameworks */ = {isa = PBXBuildFile; productRef = 41354EA024CD685A00E181CB /* KingfisherSwiftUI */; };
		41354EAA24CD8DC900E181CB /* MediumWidget.swift in Sources */ = {isa = PBXBuildFile; fileRef = 41354EA824CD8DAC00E181CB /* MediumWidget.swift */; };
		41354EAD24CD947D00E181CB /* NetworkStore.swift in Sources */ = {isa = PBXBuildFile; fileRef = 4136A5BA24C4702B00B49C44 /* NetworkStore.swift */; };
		41354EAE24CD948000E181CB /* NetworkManager.swift in Sources */ = {isa = PBXBuildFile; fileRef = 4148481D24C33E7300720E7B /* NetworkManager.swift */; };
		41354EAF24CD94F000E181CB /* FollowingUser.swift in Sources */ = {isa = PBXBuildFile; fileRef = 4148482224C33E7E00720E7B /* FollowingUser.swift */; };
		41354EB024CD94F200E181CB /* Repo.swift in Sources */ = {isa = PBXBuildFile; fileRef = 4148482324C33E7E00720E7B /* Repo.swift */; };
		4136A5B824C46C1E00B49C44 /* RepoView.swift in Sources */ = {isa = PBXBuildFile; fileRef = 4136A5B724C46C1E00B49C44 /* RepoView.swift */; };
		4136A5B924C46C1E00B49C44 /* RepoView.swift in Sources */ = {isa = PBXBuildFile; fileRef = 4136A5B724C46C1E00B49C44 /* RepoView.swift */; };
		4136A5BB24C4702B00B49C44 /* NetworkStore.swift in Sources */ = {isa = PBXBuildFile; fileRef = 4136A5BA24C4702B00B49C44 /* NetworkStore.swift */; };
		4136A5BC24C4702B00B49C44 /* NetworkStore.swift in Sources */ = {isa = PBXBuildFile; fileRef = 4136A5BA24C4702B00B49C44 /* NetworkStore.swift */; };
		4136A5BE24C47FB600B49C44 /* FollowingUserView.swift in Sources */ = {isa = PBXBuildFile; fileRef = 4136A5BD24C47FB600B49C44 /* FollowingUserView.swift */; };
		4136A5BF24C47FB600B49C44 /* FollowingUserView.swift in Sources */ = {isa = PBXBuildFile; fileRef = 4136A5BD24C47FB600B49C44 /* FollowingUserView.swift */; };
		4136A5C124C4AB7300B49C44 /* WebView.swift in Sources */ = {isa = PBXBuildFile; fileRef = 4136A5C024C4AB7300B49C44 /* WebView.swift */; };
		4136A5C224C4AB7300B49C44 /* WebView.swift in Sources */ = {isa = PBXBuildFile; fileRef = 4136A5C024C4AB7300B49C44 /* WebView.swift */; };
		4148480E24C33E1300720E7B /* GitBrowserApp.swift in Sources */ = {isa = PBXBuildFile; fileRef = 414847FB24C33E1300720E7B /* GitBrowserApp.swift */; };
		4148480F24C33E1300720E7B /* GitBrowserApp.swift in Sources */ = {isa = PBXBuildFile; fileRef = 414847FB24C33E1300720E7B /* GitBrowserApp.swift */; };
		4148481024C33E1300720E7B /* ContentView.swift in Sources */ = {isa = PBXBuildFile; fileRef = 414847FC24C33E1300720E7B /* ContentView.swift */; };
		4148481124C33E1300720E7B /* ContentView.swift in Sources */ = {isa = PBXBuildFile; fileRef = 414847FC24C33E1300720E7B /* ContentView.swift */; };
		4148481224C33E1300720E7B /* Assets.xcassets in Resources */ = {isa = PBXBuildFile; fileRef = 414847FD24C33E1300720E7B /* Assets.xcassets */; };
		4148481324C33E1300720E7B /* Assets.xcassets in Resources */ = {isa = PBXBuildFile; fileRef = 414847FD24C33E1300720E7B /* Assets.xcassets */; };
		4148481E24C33E7300720E7B /* NetworkManager.swift in Sources */ = {isa = PBXBuildFile; fileRef = 4148481D24C33E7300720E7B /* NetworkManager.swift */; };
		4148481F24C33E7300720E7B /* NetworkManager.swift in Sources */ = {isa = PBXBuildFile; fileRef = 4148481D24C33E7300720E7B /* NetworkManager.swift */; };
		4148482424C33E7E00720E7B /* User.swift in Sources */ = {isa = PBXBuildFile; fileRef = 4148482124C33E7E00720E7B /* User.swift */; };
		4148482524C33E7E00720E7B /* User.swift in Sources */ = {isa = PBXBuildFile; fileRef = 4148482124C33E7E00720E7B /* User.swift */; };
		4148482624C33E7E00720E7B /* FollowingUser.swift in Sources */ = {isa = PBXBuildFile; fileRef = 4148482224C33E7E00720E7B /* FollowingUser.swift */; };
		4148482724C33E7E00720E7B /* FollowingUser.swift in Sources */ = {isa = PBXBuildFile; fileRef = 4148482224C33E7E00720E7B /* FollowingUser.swift */; };
		4148482824C33E7E00720E7B /* Repo.swift in Sources */ = {isa = PBXBuildFile; fileRef = 4148482324C33E7E00720E7B /* Repo.swift */; };
		4148482924C33E7E00720E7B /* Repo.swift in Sources */ = {isa = PBXBuildFile; fileRef = 4148482324C33E7E00720E7B /* Repo.swift */; };
		4148482B24C363F800720E7B /* UserHeader.swift in Sources */ = {isa = PBXBuildFile; fileRef = 4148482A24C363F800720E7B /* UserHeader.swift */; };
		4148482C24C363F800720E7B /* UserHeader.swift in Sources */ = {isa = PBXBuildFile; fileRef = 4148482A24C363F800720E7B /* UserHeader.swift */; };
		4148482F24C364C800720E7B /* KingfisherSwiftUI in Frameworks */ = {isa = PBXBuildFile; productRef = 4148482E24C364C800720E7B /* KingfisherSwiftUI */; };
		4156C3E924CC23760091E585 /* Storage.swift in Sources */ = {isa = PBXBuildFile; fileRef = 4156C3E824CC23760091E585 /* Storage.swift */; };
		4156C3EA24CC23760091E585 /* Storage.swift in Sources */ = {isa = PBXBuildFile; fileRef = 4156C3E824CC23760091E585 /* Storage.swift */; };
		4156C3EC24CC28B10091E585 /* AppData.swift in Sources */ = {isa = PBXBuildFile; fileRef = 4156C3EB24CC28B10091E585 /* AppData.swift */; };
		4156C3ED24CC28B10091E585 /* AppData.swift in Sources */ = {isa = PBXBuildFile; fileRef = 4156C3EB24CC28B10091E585 /* AppData.swift */; };
		416BEB6624CC4655002D39C4 /* AllRepoView.swift in Sources */ = {isa = PBXBuildFile; fileRef = 416BEB6524CC4655002D39C4 /* AllRepoView.swift */; };
		416BEB6724CC4655002D39C4 /* AllRepoView.swift in Sources */ = {isa = PBXBuildFile; fileRef = 416BEB6524CC4655002D39C4 /* AllRepoView.swift */; };
		418977ED24C445A300970251 /* MainView.swift in Sources */ = {isa = PBXBuildFile; fileRef = 418977EC24C445A300970251 /* MainView.swift */; };
		418977EE24C445A300970251 /* MainView.swift in Sources */ = {isa = PBXBuildFile; fileRef = 418977EC24C445A300970251 /* MainView.swift */; };
		41A2394824E96593009FF1A8 /* IntentHandler.swift in Sources */ = {isa = PBXBuildFile; fileRef = 41A2394724E96593009FF1A8 /* IntentHandler.swift */; };
		41A2395024E96593009FF1A8 /* IntentsUI.framework in Frameworks */ = {isa = PBXBuildFile; fileRef = 41A2394F24E96593009FF1A8 /* IntentsUI.framework */; };
		41A2395324E96593009FF1A8 /* IntentViewController.swift in Sources */ = {isa = PBXBuildFile; fileRef = 41A2395224E96593009FF1A8 /* IntentViewController.swift */; };
		41A2395624E96593009FF1A8 /* MainInterface.storyboard in Resources */ = {isa = PBXBuildFile; fileRef = 41A2395424E96593009FF1A8 /* MainInterface.storyboard */; };
		41A2395A24E96593009FF1A8 /* WidgetIntentTargetUI.appex in Embed App Extensions */ = {isa = PBXBuildFile; fileRef = 41A2394E24E96593009FF1A8 /* WidgetIntentTargetUI.appex */; settings = {ATTRIBUTES = (RemoveHeadersOnCopy, ); }; };
		41A2395E24E96593009FF1A8 /* WidgetIntentTarget.appex in Embed App Extensions */ = {isa = PBXBuildFile; fileRef = 41A2394524E96593009FF1A8 /* WidgetIntentTarget.appex */; settings = {ATTRIBUTES = (RemoveHeadersOnCopy, ); }; };
		41A2396624E9668D009FF1A8 /* GitBrowserWidget.intentdefinition in Sources */ = {isa = PBXBuildFile; fileRef = 41C483E024CC98E3000515E9 /* GitBrowserWidget.intentdefinition */; };
		41A2396724E96692009FF1A8 /* GitBrowserWidget.intentdefinition in Sources */ = {isa = PBXBuildFile; fileRef = 41C483E024CC98E3000515E9 /* GitBrowserWidget.intentdefinition */; };
		41C483DA24CC98E3000515E9 /* WidgetKit.framework in Frameworks */ = {isa = PBXBuildFile; fileRef = 41C483D924CC98E3000515E9 /* WidgetKit.framework */; };
		41C483DC24CC98E3000515E9 /* SwiftUI.framework in Frameworks */ = {isa = PBXBuildFile; fileRef = 41C483DB24CC98E3000515E9 /* SwiftUI.framework */; };
		41C483DF24CC98E3000515E9 /* GitBrowserWidget.swift in Sources */ = {isa = PBXBuildFile; fileRef = 41C483DE24CC98E3000515E9 /* GitBrowserWidget.swift */; };
		41C483E224CC98E6000515E9 /* Assets.xcassets in Resources */ = {isa = PBXBuildFile; fileRef = 41C483E124CC98E6000515E9 /* Assets.xcassets */; };
		41C483E424CC98E6000515E9 /* GitBrowserWidget.intentdefinition in Sources */ = {isa = PBXBuildFile; fileRef = 41C483E024CC98E3000515E9 /* GitBrowserWidget.intentdefinition */; };
		41C483E524CC98E6000515E9 /* GitBrowserWidget.intentdefinition in Sources */ = {isa = PBXBuildFile; fileRef = 41C483E024CC98E3000515E9 /* GitBrowserWidget.intentdefinition */; };
		41C483E824CC98E6000515E9 /* GitBrowserWidgetExtension.appex in Embed App Extensions */ = {isa = PBXBuildFile; fileRef = 41C483D724CC98E3000515E9 /* GitBrowserWidgetExtension.appex */; settings = {ATTRIBUTES = (RemoveHeadersOnCopy, ); }; };
/* End PBXBuildFile section */

/* Begin PBXContainerItemProxy section */
		41A2395824E96593009FF1A8 /* PBXContainerItemProxy */ = {
			isa = PBXContainerItemProxy;
			containerPortal = 414847F624C33E1300720E7B /* Project object */;
			proxyType = 1;
			remoteGlobalIDString = 41A2394D24E96593009FF1A8;
			remoteInfo = WidgetIntentTargetUI;
		};
		41A2395C24E96593009FF1A8 /* PBXContainerItemProxy */ = {
			isa = PBXContainerItemProxy;
			containerPortal = 414847F624C33E1300720E7B /* Project object */;
			proxyType = 1;
			remoteGlobalIDString = 41A2394424E96593009FF1A8;
			remoteInfo = WidgetIntentTarget;
		};
		41C483E624CC98E6000515E9 /* PBXContainerItemProxy */ = {
			isa = PBXContainerItemProxy;
			containerPortal = 414847F624C33E1300720E7B /* Project object */;
			proxyType = 1;
			remoteGlobalIDString = 41C483D624CC98E3000515E9;
			remoteInfo = GitBrowserWidgetExtension;
		};
/* End PBXContainerItemProxy section */

/* Begin PBXCopyFilesBuildPhase section */
		41C483ED24CC98E6000515E9 /* Embed App Extensions */ = {
			isa = PBXCopyFilesBuildPhase;
			buildActionMask = 2147483647;
			dstPath = "";
			dstSubfolderSpec = 13;
			files = (
				41C483E824CC98E6000515E9 /* GitBrowserWidgetExtension.appex in Embed App Extensions */,
				41A2395A24E96593009FF1A8 /* WidgetIntentTargetUI.appex in Embed App Extensions */,
				41A2395E24E96593009FF1A8 /* WidgetIntentTarget.appex in Embed App Extensions */,
			);
			name = "Embed App Extensions";
			runOnlyForDeploymentPostprocessing = 0;
		};
/* End PBXCopyFilesBuildPhase section */

/* Begin PBXFileReference section */
		411D3C2624D41DF400CD6E42 /* SearchBar.swift */ = {isa = PBXFileReference; lastKnownFileType = sourcecode.swift; path = SearchBar.swift; sourceTree = "<group>"; };
		411D3C2824D41E1900CD6E42 /* ViewControllerResolver.swift */ = {isa = PBXFileReference; lastKnownFileType = sourcecode.swift; path = ViewControllerResolver.swift; sourceTree = "<group>"; };
		41354EA824CD8DAC00E181CB /* MediumWidget.swift */ = {isa = PBXFileReference; lastKnownFileType = sourcecode.swift; path = MediumWidget.swift; sourceTree = "<group>"; };
		4136A5B724C46C1E00B49C44 /* RepoView.swift */ = {isa = PBXFileReference; lastKnownFileType = sourcecode.swift; path = RepoView.swift; sourceTree = "<group>"; };
		4136A5BA24C4702B00B49C44 /* NetworkStore.swift */ = {isa = PBXFileReference; lastKnownFileType = sourcecode.swift; path = NetworkStore.swift; sourceTree = "<group>"; };
		4136A5BD24C47FB600B49C44 /* FollowingUserView.swift */ = {isa = PBXFileReference; lastKnownFileType = sourcecode.swift; path = FollowingUserView.swift; sourceTree = "<group>"; };
		4136A5C024C4AB7300B49C44 /* WebView.swift */ = {isa = PBXFileReference; lastKnownFileType = sourcecode.swift; path = WebView.swift; sourceTree = "<group>"; };
		414847FB24C33E1300720E7B /* GitBrowserApp.swift */ = {isa = PBXFileReference; lastKnownFileType = sourcecode.swift; path = GitBrowserApp.swift; sourceTree = "<group>"; };
		414847FC24C33E1300720E7B /* ContentView.swift */ = {isa = PBXFileReference; lastKnownFileType = sourcecode.swift; path = ContentView.swift; sourceTree = "<group>"; };
		414847FD24C33E1300720E7B /* Assets.xcassets */ = {isa = PBXFileReference; lastKnownFileType = folder.assetcatalog; path = Assets.xcassets; sourceTree = "<group>"; };
		4148480224C33E1300720E7B /* GitBrowser.app */ = {isa = PBXFileReference; explicitFileType = wrapper.application; includeInIndex = 0; path = GitBrowser.app; sourceTree = BUILT_PRODUCTS_DIR; };
		4148480524C33E1300720E7B /* Info.plist */ = {isa = PBXFileReference; lastKnownFileType = text.plist.xml; path = Info.plist; sourceTree = "<group>"; };
		4148480A24C33E1300720E7B /* GitBrowser.app */ = {isa = PBXFileReference; explicitFileType = wrapper.application; includeInIndex = 0; path = GitBrowser.app; sourceTree = BUILT_PRODUCTS_DIR; };
		4148480C24C33E1300720E7B /* Info.plist */ = {isa = PBXFileReference; lastKnownFileType = text.plist.xml; path = Info.plist; sourceTree = "<group>"; };
		4148480D24C33E1300720E7B /* macOS.entitlements */ = {isa = PBXFileReference; lastKnownFileType = text.plist.entitlements; path = macOS.entitlements; sourceTree = "<group>"; };
		4148481C24C33E3200720E7B /* GitBrowser.entitlements */ = {isa = PBXFileReference; lastKnownFileType = text.plist.entitlements; path = GitBrowser.entitlements; sourceTree = "<group>"; };
		4148481D24C33E7300720E7B /* NetworkManager.swift */ = {isa = PBXFileReference; fileEncoding = 4; lastKnownFileType = sourcecode.swift; path = NetworkManager.swift; sourceTree = "<group>"; };
		4148482124C33E7E00720E7B /* User.swift */ = {isa = PBXFileReference; fileEncoding = 4; lastKnownFileType = sourcecode.swift; path = User.swift; sourceTree = "<group>"; };
		4148482224C33E7E00720E7B /* FollowingUser.swift */ = {isa = PBXFileReference; fileEncoding = 4; lastKnownFileType = sourcecode.swift; path = FollowingUser.swift; sourceTree = "<group>"; };
		4148482324C33E7E00720E7B /* Repo.swift */ = {isa = PBXFileReference; fileEncoding = 4; lastKnownFileType = sourcecode.swift; path = Repo.swift; sourceTree = "<group>"; };
		4148482A24C363F800720E7B /* UserHeader.swift */ = {isa = PBXFileReference; lastKnownFileType = sourcecode.swift; path = UserHeader.swift; sourceTree = "<group>"; };
		4156C3E824CC23760091E585 /* Storage.swift */ = {isa = PBXFileReference; lastKnownFileType = sourcecode.swift; path = Storage.swift; sourceTree = "<group>"; };
		4156C3EB24CC28B10091E585 /* AppData.swift */ = {isa = PBXFileReference; lastKnownFileType = sourcecode.swift; path = AppData.swift; sourceTree = "<group>"; };
		416BEB6524CC4655002D39C4 /* AllRepoView.swift */ = {isa = PBXFileReference; lastKnownFileType = sourcecode.swift; path = AllRepoView.swift; sourceTree = "<group>"; };
		418977EC24C445A300970251 /* MainView.swift */ = {isa = PBXFileReference; lastKnownFileType = sourcecode.swift; path = MainView.swift; sourceTree = "<group>"; };
		41A2394524E96593009FF1A8 /* WidgetIntentTarget.appex */ = {isa = PBXFileReference; explicitFileType = "wrapper.app-extension"; includeInIndex = 0; path = WidgetIntentTarget.appex; sourceTree = BUILT_PRODUCTS_DIR; };
		41A2394724E96593009FF1A8 /* IntentHandler.swift */ = {isa = PBXFileReference; lastKnownFileType = sourcecode.swift; path = IntentHandler.swift; sourceTree = "<group>"; };
		41A2394924E96593009FF1A8 /* Info.plist */ = {isa = PBXFileReference; lastKnownFileType = text.plist.xml; path = Info.plist; sourceTree = "<group>"; };
		41A2394E24E96593009FF1A8 /* WidgetIntentTargetUI.appex */ = {isa = PBXFileReference; explicitFileType = "wrapper.app-extension"; includeInIndex = 0; path = WidgetIntentTargetUI.appex; sourceTree = BUILT_PRODUCTS_DIR; };
		41A2394F24E96593009FF1A8 /* IntentsUI.framework */ = {isa = PBXFileReference; lastKnownFileType = wrapper.framework; name = IntentsUI.framework; path = Library/Frameworks/IntentsUI.framework; sourceTree = DEVELOPER_DIR; };
		41A2395224E96593009FF1A8 /* IntentViewController.swift */ = {isa = PBXFileReference; lastKnownFileType = sourcecode.swift; path = IntentViewController.swift; sourceTree = "<group>"; };
		41A2395524E96593009FF1A8 /* Base */ = {isa = PBXFileReference; lastKnownFileType = file.storyboard; name = Base; path = Base.lproj/MainInterface.storyboard; sourceTree = "<group>"; };
		41A2395724E96593009FF1A8 /* Info.plist */ = {isa = PBXFileReference; lastKnownFileType = text.plist.xml; path = Info.plist; sourceTree = "<group>"; };
		41A2395B24E96593009FF1A8 /* WidgetIntentTargetUI.entitlements */ = {isa = PBXFileReference; lastKnownFileType = text.plist.entitlements; path = WidgetIntentTargetUI.entitlements; sourceTree = "<group>"; };
		41A2395F24E96593009FF1A8 /* WidgetIntentTarget.entitlements */ = {isa = PBXFileReference; lastKnownFileType = text.plist.entitlements; path = WidgetIntentTarget.entitlements; sourceTree = "<group>"; };
		41C483D724CC98E3000515E9 /* GitBrowserWidgetExtension.appex */ = {isa = PBXFileReference; explicitFileType = "wrapper.app-extension"; includeInIndex = 0; path = GitBrowserWidgetExtension.appex; sourceTree = BUILT_PRODUCTS_DIR; };
		41C483D924CC98E3000515E9 /* WidgetKit.framework */ = {isa = PBXFileReference; lastKnownFileType = wrapper.framework; name = WidgetKit.framework; path = System/Library/Frameworks/WidgetKit.framework; sourceTree = SDKROOT; };
		41C483DB24CC98E3000515E9 /* SwiftUI.framework */ = {isa = PBXFileReference; lastKnownFileType = wrapper.framework; name = SwiftUI.framework; path = System/Library/Frameworks/SwiftUI.framework; sourceTree = SDKROOT; };
		41C483DE24CC98E3000515E9 /* GitBrowserWidget.swift */ = {isa = PBXFileReference; lastKnownFileType = sourcecode.swift; path = GitBrowserWidget.swift; sourceTree = "<group>"; };
		41C483E024CC98E3000515E9 /* GitBrowserWidget.intentdefinition */ = {isa = PBXFileReference; lastKnownFileType = file.intentdefinition; path = GitBrowserWidget.intentdefinition; sourceTree = "<group>"; };
		41C483E124CC98E6000515E9 /* Assets.xcassets */ = {isa = PBXFileReference; lastKnownFileType = folder.assetcatalog; path = Assets.xcassets; sourceTree = "<group>"; };
		41C483E324CC98E6000515E9 /* Info.plist */ = {isa = PBXFileReference; lastKnownFileType = text.plist.xml; path = Info.plist; sourceTree = "<group>"; };
		41C483E924CC98E6000515E9 /* GitBrowserWidgetExtension.entitlements */ = {isa = PBXFileReference; lastKnownFileType = text.plist.entitlements; path = GitBrowserWidgetExtension.entitlements; sourceTree = "<group>"; };
/* End PBXFileReference section */

/* Begin PBXFrameworksBuildPhase section */
		414847FF24C33E1300720E7B /* Frameworks */ = {
			isa = PBXFrameworksBuildPhase;
			buildActionMask = 2147483647;
			files = (
				4148482F24C364C800720E7B /* KingfisherSwiftUI in Frameworks */,
			);
			runOnlyForDeploymentPostprocessing = 0;
		};
		4148480724C33E1300720E7B /* Frameworks */ = {
			isa = PBXFrameworksBuildPhase;
			buildActionMask = 2147483647;
			files = (
			);
			runOnlyForDeploymentPostprocessing = 0;
		};
		41A2394224E96593009FF1A8 /* Frameworks */ = {
			isa = PBXFrameworksBuildPhase;
			buildActionMask = 2147483647;
			files = (
			);
			runOnlyForDeploymentPostprocessing = 0;
		};
		41A2394B24E96593009FF1A8 /* Frameworks */ = {
			isa = PBXFrameworksBuildPhase;
			buildActionMask = 2147483647;
			files = (
				41A2395024E96593009FF1A8 /* IntentsUI.framework in Frameworks */,
			);
			runOnlyForDeploymentPostprocessing = 0;
		};
		41C483D424CC98E3000515E9 /* Frameworks */ = {
			isa = PBXFrameworksBuildPhase;
			buildActionMask = 2147483647;
			files = (
				41354EA124CD685A00E181CB /* KingfisherSwiftUI in Frameworks */,
				41C483DC24CC98E3000515E9 /* SwiftUI.framework in Frameworks */,
				41C483DA24CC98E3000515E9 /* WidgetKit.framework in Frameworks */,
			);
			runOnlyForDeploymentPostprocessing = 0;
		};
/* End PBXFrameworksBuildPhase section */

/* Begin PBXGroup section */
		411D3C2524D41DE100CD6E42 /* SearchBar */ = {
			isa = PBXGroup;
			children = (
				411D3C2624D41DF400CD6E42 /* SearchBar.swift */,
				411D3C2824D41E1900CD6E42 /* ViewControllerResolver.swift */,
			);
			path = SearchBar;
			sourceTree = "<group>";
		};
		414847F524C33E1300720E7B = {
			isa = PBXGroup;
			children = (
				41C483E924CC98E6000515E9 /* GitBrowserWidgetExtension.entitlements */,
				4148481C24C33E3200720E7B /* GitBrowser.entitlements */,
				414847FA24C33E1300720E7B /* Shared */,
				4148480424C33E1300720E7B /* iOS */,
				4148480B24C33E1300720E7B /* macOS */,
				41C483DD24CC98E3000515E9 /* GitBrowserWidget */,
				41A2394624E96593009FF1A8 /* WidgetIntentTarget */,
				41A2395124E96593009FF1A8 /* WidgetIntentTargetUI */,
				41C483D824CC98E3000515E9 /* Frameworks */,
				4148480324C33E1300720E7B /* Products */,
			);
			sourceTree = "<group>";
		};
		414847FA24C33E1300720E7B /* Shared */ = {
			isa = PBXGroup;
			children = (
				411D3C2524D41DE100CD6E42 /* SearchBar */,
				4136A5BA24C4702B00B49C44 /* NetworkStore.swift */,
				4148481D24C33E7300720E7B /* NetworkManager.swift */,
				414847FB24C33E1300720E7B /* GitBrowserApp.swift */,
				414847FC24C33E1300720E7B /* ContentView.swift */,
				414847FD24C33E1300720E7B /* Assets.xcassets */,
				4148482024C33E7E00720E7B /* Model */,
				4148482A24C363F800720E7B /* UserHeader.swift */,
				418977EC24C445A300970251 /* MainView.swift */,
				4136A5B724C46C1E00B49C44 /* RepoView.swift */,
				4136A5BD24C47FB600B49C44 /* FollowingUserView.swift */,
				4136A5C024C4AB7300B49C44 /* WebView.swift */,
				4156C3E824CC23760091E585 /* Storage.swift */,
				416BEB6524CC4655002D39C4 /* AllRepoView.swift */,
				4156C3EB24CC28B10091E585 /* AppData.swift */,
			);
			path = Shared;
			sourceTree = "<group>";
		};
		4148480324C33E1300720E7B /* Products */ = {
			isa = PBXGroup;
			children = (
				4148480224C33E1300720E7B /* GitBrowser.app */,
				4148480A24C33E1300720E7B /* GitBrowser.app */,
				41C483D724CC98E3000515E9 /* GitBrowserWidgetExtension.appex */,
				41A2394524E96593009FF1A8 /* WidgetIntentTarget.appex */,
				41A2394E24E96593009FF1A8 /* WidgetIntentTargetUI.appex */,
			);
			name = Products;
			sourceTree = "<group>";
		};
		4148480424C33E1300720E7B /* iOS */ = {
			isa = PBXGroup;
			children = (
				4148480524C33E1300720E7B /* Info.plist */,
			);
			path = iOS;
			sourceTree = "<group>";
		};
		4148480B24C33E1300720E7B /* macOS */ = {
			isa = PBXGroup;
			children = (
				4148480C24C33E1300720E7B /* Info.plist */,
				4148480D24C33E1300720E7B /* macOS.entitlements */,
			);
			path = macOS;
			sourceTree = "<group>";
		};
		4148482024C33E7E00720E7B /* Model */ = {
			isa = PBXGroup;
			children = (
				4148482124C33E7E00720E7B /* User.swift */,
				4148482224C33E7E00720E7B /* FollowingUser.swift */,
				4148482324C33E7E00720E7B /* Repo.swift */,
			);
			path = Model;
			sourceTree = "<group>";
		};
		41A2394624E96593009FF1A8 /* WidgetIntentTarget */ = {
			isa = PBXGroup;
			children = (
				41A2395F24E96593009FF1A8 /* WidgetIntentTarget.entitlements */,
				41A2394724E96593009FF1A8 /* IntentHandler.swift */,
				41A2394924E96593009FF1A8 /* Info.plist */,
			);
			path = WidgetIntentTarget;
			sourceTree = "<group>";
		};
		41A2395124E96593009FF1A8 /* WidgetIntentTargetUI */ = {
			isa = PBXGroup;
			children = (
				41A2395B24E96593009FF1A8 /* WidgetIntentTargetUI.entitlements */,
				41A2395224E96593009FF1A8 /* IntentViewController.swift */,
				41A2395424E96593009FF1A8 /* MainInterface.storyboard */,
				41A2395724E96593009FF1A8 /* Info.plist */,
			);
			path = WidgetIntentTargetUI;
			sourceTree = "<group>";
		};
		41C483D824CC98E3000515E9 /* Frameworks */ = {
			isa = PBXGroup;
			children = (
				41C483D924CC98E3000515E9 /* WidgetKit.framework */,
				41C483DB24CC98E3000515E9 /* SwiftUI.framework */,
				41A2394F24E96593009FF1A8 /* IntentsUI.framework */,
			);
			name = Frameworks;
			sourceTree = "<group>";
		};
		41C483DD24CC98E3000515E9 /* GitBrowserWidget */ = {
			isa = PBXGroup;
			children = (
				41C483DE24CC98E3000515E9 /* GitBrowserWidget.swift */,
				41C483E024CC98E3000515E9 /* GitBrowserWidget.intentdefinition */,
				41C483E124CC98E6000515E9 /* Assets.xcassets */,
				41C483E324CC98E6000515E9 /* Info.plist */,
				41354EA824CD8DAC00E181CB /* MediumWidget.swift */,
			);
			path = GitBrowserWidget;
			sourceTree = "<group>";
		};
/* End PBXGroup section */

/* Begin PBXNativeTarget section */
		4148480124C33E1300720E7B /* GitBrowser (iOS) */ = {
			isa = PBXNativeTarget;
			buildConfigurationList = 4148481624C33E1300720E7B /* Build configuration list for PBXNativeTarget "GitBrowser (iOS)" */;
			buildPhases = (
				414847FE24C33E1300720E7B /* Sources */,
				414847FF24C33E1300720E7B /* Frameworks */,
				4148480024C33E1300720E7B /* Resources */,
				41C483ED24CC98E6000515E9 /* Embed App Extensions */,
			);
			buildRules = (
			);
			dependencies = (
				41C483E724CC98E6000515E9 /* PBXTargetDependency */,
				41A2395924E96593009FF1A8 /* PBXTargetDependency */,
				41A2395D24E96593009FF1A8 /* PBXTargetDependency */,
			);
			name = "GitBrowser (iOS)";
			packageProductDependencies = (
				4148482E24C364C800720E7B /* KingfisherSwiftUI */,
			);
			productName = "GitBrowser (iOS)";
			productReference = 4148480224C33E1300720E7B /* GitBrowser.app */;
			productType = "com.apple.product-type.application";
		};
		4148480924C33E1300720E7B /* GitBrowser (macOS) */ = {
			isa = PBXNativeTarget;
			buildConfigurationList = 4148481924C33E1300720E7B /* Build configuration list for PBXNativeTarget "GitBrowser (macOS)" */;
			buildPhases = (
				4148480624C33E1300720E7B /* Sources */,
				4148480724C33E1300720E7B /* Frameworks */,
				4148480824C33E1300720E7B /* Resources */,
			);
			buildRules = (
			);
			dependencies = (
			);
			name = "GitBrowser (macOS)";
			productName = "GitBrowser (macOS)";
			productReference = 4148480A24C33E1300720E7B /* GitBrowser.app */;
			productType = "com.apple.product-type.application";
		};
		41A2394424E96593009FF1A8 /* WidgetIntentTarget */ = {
			isa = PBXNativeTarget;
			buildConfigurationList = 41A2396324E96593009FF1A8 /* Build configuration list for PBXNativeTarget "WidgetIntentTarget" */;
			buildPhases = (
				41A2394124E96593009FF1A8 /* Sources */,
				41A2394224E96593009FF1A8 /* Frameworks */,
				41A2394324E96593009FF1A8 /* Resources */,
			);
			buildRules = (
			);
			dependencies = (
			);
			name = WidgetIntentTarget;
			productName = WidgetIntentTarget;
			productReference = 41A2394524E96593009FF1A8 /* WidgetIntentTarget.appex */;
			productType = "com.apple.product-type.app-extension";
		};
		41A2394D24E96593009FF1A8 /* WidgetIntentTargetUI */ = {
			isa = PBXNativeTarget;
			buildConfigurationList = 41A2396024E96593009FF1A8 /* Build configuration list for PBXNativeTarget "WidgetIntentTargetUI" */;
			buildPhases = (
				41A2394A24E96593009FF1A8 /* Sources */,
				41A2394B24E96593009FF1A8 /* Frameworks */,
				41A2394C24E96593009FF1A8 /* Resources */,
			);
			buildRules = (
			);
			dependencies = (
			);
			name = WidgetIntentTargetUI;
			productName = WidgetIntentTargetUI;
			productReference = 41A2394E24E96593009FF1A8 /* WidgetIntentTargetUI.appex */;
			productType = "com.apple.product-type.app-extension";
		};
		41C483D624CC98E3000515E9 /* GitBrowserWidgetExtension */ = {
			isa = PBXNativeTarget;
			buildConfigurationList = 41C483EA24CC98E6000515E9 /* Build configuration list for PBXNativeTarget "GitBrowserWidgetExtension" */;
			buildPhases = (
				41C483D324CC98E3000515E9 /* Sources */,
				41C483D424CC98E3000515E9 /* Frameworks */,
				41C483D524CC98E3000515E9 /* Resources */,
			);
			buildRules = (
			);
			dependencies = (
			);
			name = GitBrowserWidgetExtension;
			packageProductDependencies = (
				41354EA024CD685A00E181CB /* KingfisherSwiftUI */,
			);
			productName = GitBrowserWidgetExtension;
			productReference = 41C483D724CC98E3000515E9 /* GitBrowserWidgetExtension.appex */;
			productType = "com.apple.product-type.app-extension";
		};
/* End PBXNativeTarget section */

/* Begin PBXProject section */
		414847F624C33E1300720E7B /* Project object */ = {
			isa = PBXProject;
			attributes = {
				LastSwiftUpdateCheck = 1200;
				LastUpgradeCheck = 1200;
				TargetAttributes = {
					4148480124C33E1300720E7B = {
						CreatedOnToolsVersion = 12.0;
					};
					4148480924C33E1300720E7B = {
						CreatedOnToolsVersion = 12.0;
					};
					41A2394424E96593009FF1A8 = {
						CreatedOnToolsVersion = 12.0;
					};
					41A2394D24E96593009FF1A8 = {
						CreatedOnToolsVersion = 12.0;
					};
					41C483D624CC98E3000515E9 = {
						CreatedOnToolsVersion = 12.0;
					};
				};
			};
			buildConfigurationList = 414847F924C33E1300720E7B /* Build configuration list for PBXProject "GitBrowser" */;
			compatibilityVersion = "Xcode 9.3";
			developmentRegion = en;
			hasScannedForEncodings = 0;
			knownRegions = (
				en,
				Base,
			);
			mainGroup = 414847F524C33E1300720E7B;
			packageReferences = (
				4148482D24C364C800720E7B /* XCRemoteSwiftPackageReference "Kingfisher" */,
			);
			productRefGroup = 4148480324C33E1300720E7B /* Products */;
			projectDirPath = "";
			projectRoot = "";
			targets = (
				4148480124C33E1300720E7B /* GitBrowser (iOS) */,
				4148480924C33E1300720E7B /* GitBrowser (macOS) */,
				41C483D624CC98E3000515E9 /* GitBrowserWidgetExtension */,
				41A2394424E96593009FF1A8 /* WidgetIntentTarget */,
				41A2394D24E96593009FF1A8 /* WidgetIntentTargetUI */,
			);
		};
/* End PBXProject section */

/* Begin PBXResourcesBuildPhase section */
		4148480024C33E1300720E7B /* Resources */ = {
			isa = PBXResourcesBuildPhase;
			buildActionMask = 2147483647;
			files = (
				4148481224C33E1300720E7B /* Assets.xcassets in Resources */,
			);
			runOnlyForDeploymentPostprocessing = 0;
		};
		4148480824C33E1300720E7B /* Resources */ = {
			isa = PBXResourcesBuildPhase;
			buildActionMask = 2147483647;
			files = (
				4148481324C33E1300720E7B /* Assets.xcassets in Resources */,
			);
			runOnlyForDeploymentPostprocessing = 0;
		};
		41A2394324E96593009FF1A8 /* Resources */ = {
			isa = PBXResourcesBuildPhase;
			buildActionMask = 2147483647;
			files = (
			);
			runOnlyForDeploymentPostprocessing = 0;
		};
		41A2394C24E96593009FF1A8 /* Resources */ = {
			isa = PBXResourcesBuildPhase;
			buildActionMask = 2147483647;
			files = (
				41A2395624E96593009FF1A8 /* MainInterface.storyboard in Resources */,
			);
			runOnlyForDeploymentPostprocessing = 0;
		};
		41C483D524CC98E3000515E9 /* Resources */ = {
			isa = PBXResourcesBuildPhase;
			buildActionMask = 2147483647;
			files = (
				41C483E224CC98E6000515E9 /* Assets.xcassets in Resources */,
			);
			runOnlyForDeploymentPostprocessing = 0;
		};
/* End PBXResourcesBuildPhase section */

/* Begin PBXSourcesBuildPhase section */
		414847FE24C33E1300720E7B /* Sources */ = {
			isa = PBXSourcesBuildPhase;
			buildActionMask = 2147483647;
			files = (
				4136A5BE24C47FB600B49C44 /* FollowingUserView.swift in Sources */,
				4148482424C33E7E00720E7B /* User.swift in Sources */,
				41C483E524CC98E6000515E9 /* GitBrowserWidget.intentdefinition in Sources */,
				418977ED24C445A300970251 /* MainView.swift in Sources */,
				411D3C2924D41E1900CD6E42 /* ViewControllerResolver.swift in Sources */,
				4148481E24C33E7300720E7B /* NetworkManager.swift in Sources */,
				4148482624C33E7E00720E7B /* FollowingUser.swift in Sources */,
				4136A5BB24C4702B00B49C44 /* NetworkStore.swift in Sources */,
				4148482824C33E7E00720E7B /* Repo.swift in Sources */,
				416BEB6624CC4655002D39C4 /* AllRepoView.swift in Sources */,
				4148481024C33E1300720E7B /* ContentView.swift in Sources */,
				4148480E24C33E1300720E7B /* GitBrowserApp.swift in Sources */,
				4136A5C124C4AB7300B49C44 /* WebView.swift in Sources */,
				4136A5B824C46C1E00B49C44 /* RepoView.swift in Sources */,
				4148482B24C363F800720E7B /* UserHeader.swift in Sources */,
				4156C3E924CC23760091E585 /* Storage.swift in Sources */,
				411D3C2724D41DF400CD6E42 /* SearchBar.swift in Sources */,
				4156C3EC24CC28B10091E585 /* AppData.swift in Sources */,
			);
			runOnlyForDeploymentPostprocessing = 0;
		};
		4148480624C33E1300720E7B /* Sources */ = {
			isa = PBXSourcesBuildPhase;
			buildActionMask = 2147483647;
			files = (
				4136A5BF24C47FB600B49C44 /* FollowingUserView.swift in Sources */,
				4148482524C33E7E00720E7B /* User.swift in Sources */,
				418977EE24C445A300970251 /* MainView.swift in Sources */,
				4148481F24C33E7300720E7B /* NetworkManager.swift in Sources */,
				4148482724C33E7E00720E7B /* FollowingUser.swift in Sources */,
				4136A5BC24C4702B00B49C44 /* NetworkStore.swift in Sources */,
				4148482924C33E7E00720E7B /* Repo.swift in Sources */,
				416BEB6724CC4655002D39C4 /* AllRepoView.swift in Sources */,
				4148481124C33E1300720E7B /* ContentView.swift in Sources */,
				4148480F24C33E1300720E7B /* GitBrowserApp.swift in Sources */,
				4136A5C224C4AB7300B49C44 /* WebView.swift in Sources */,
				4136A5B924C46C1E00B49C44 /* RepoView.swift in Sources */,
				4148482C24C363F800720E7B /* UserHeader.swift in Sources */,
				4156C3EA24CC23760091E585 /* Storage.swift in Sources */,
				4156C3ED24CC28B10091E585 /* AppData.swift in Sources */,
			);
			runOnlyForDeploymentPostprocessing = 0;
		};
		41A2394124E96593009FF1A8 /* Sources */ = {
			isa = PBXSourcesBuildPhase;
			buildActionMask = 2147483647;
			files = (
				41A2396624E9668D009FF1A8 /* GitBrowserWidget.intentdefinition in Sources */,
				41A2394824E96593009FF1A8 /* IntentHandler.swift in Sources */,
			);
			runOnlyForDeploymentPostprocessing = 0;
		};
		41A2394A24E96593009FF1A8 /* Sources */ = {
			isa = PBXSourcesBuildPhase;
			buildActionMask = 2147483647;
			files = (
				41A2396724E96692009FF1A8 /* GitBrowserWidget.intentdefinition in Sources */,
				41A2395324E96593009FF1A8 /* IntentViewController.swift in Sources */,
			);
			runOnlyForDeploymentPostprocessing = 0;
		};
		41C483D324CC98E3000515E9 /* Sources */ = {
			isa = PBXSourcesBuildPhase;
			buildActionMask = 2147483647;
			files = (
				41354EB024CD94F200E181CB /* Repo.swift in Sources */,
				41C483E424CC98E6000515E9 /* GitBrowserWidget.intentdefinition in Sources */,
				41C483DF24CC98E3000515E9 /* GitBrowserWidget.swift in Sources */,
				41354EAF24CD94F000E181CB /* FollowingUser.swift in Sources */,
				41354E9C24CD66B300E181CB /* User.swift in Sources */,
				41354EAE24CD948000E181CB /* NetworkManager.swift in Sources */,
				41354EAD24CD947D00E181CB /* NetworkStore.swift in Sources */,
				41354E9D24CD66D700E181CB /* AppData.swift in Sources */,
				41354EAA24CD8DC900E181CB /* MediumWidget.swift in Sources */,
				41354E9E24CD67B100E181CB /* UserHeader.swift in Sources */,
				41354E9F24CD681E00E181CB /* Storage.swift in Sources */,
			);
			runOnlyForDeploymentPostprocessing = 0;
		};
/* End PBXSourcesBuildPhase section */

/* Begin PBXTargetDependency section */
		41A2395924E96593009FF1A8 /* PBXTargetDependency */ = {
			isa = PBXTargetDependency;
			target = 41A2394D24E96593009FF1A8 /* WidgetIntentTargetUI */;
			targetProxy = 41A2395824E96593009FF1A8 /* PBXContainerItemProxy */;
		};
		41A2395D24E96593009FF1A8 /* PBXTargetDependency */ = {
			isa = PBXTargetDependency;
			target = 41A2394424E96593009FF1A8 /* WidgetIntentTarget */;
			targetProxy = 41A2395C24E96593009FF1A8 /* PBXContainerItemProxy */;
		};
		41C483E724CC98E6000515E9 /* PBXTargetDependency */ = {
			isa = PBXTargetDependency;
			target = 41C483D624CC98E3000515E9 /* GitBrowserWidgetExtension */;
			targetProxy = 41C483E624CC98E6000515E9 /* PBXContainerItemProxy */;
		};
/* End PBXTargetDependency section */

/* Begin PBXVariantGroup section */
		41A2395424E96593009FF1A8 /* MainInterface.storyboard */ = {
			isa = PBXVariantGroup;
			children = (
				41A2395524E96593009FF1A8 /* Base */,
			);
			name = MainInterface.storyboard;
			sourceTree = "<group>";
		};
/* End PBXVariantGroup section */

/* Begin XCBuildConfiguration section */
		4148481424C33E1300720E7B /* Debug */ = {
			isa = XCBuildConfiguration;
			buildSettings = {
				ALWAYS_SEARCH_USER_PATHS = NO;
				CLANG_ANALYZER_NONNULL = YES;
				CLANG_ANALYZER_NUMBER_OBJECT_CONVERSION = YES_AGGRESSIVE;
				CLANG_CXX_LANGUAGE_STANDARD = "gnu++14";
				CLANG_CXX_LIBRARY = "libc++";
				CLANG_ENABLE_MODULES = YES;
				CLANG_ENABLE_OBJC_ARC = YES;
				CLANG_ENABLE_OBJC_WEAK = YES;
				CLANG_WARN_BLOCK_CAPTURE_AUTORELEASING = YES;
				CLANG_WARN_BOOL_CONVERSION = YES;
				CLANG_WARN_COMMA = YES;
				CLANG_WARN_CONSTANT_CONVERSION = YES;
				CLANG_WARN_DEPRECATED_OBJC_IMPLEMENTATIONS = YES;
				CLANG_WARN_DIRECT_OBJC_ISA_USAGE = YES_ERROR;
				CLANG_WARN_DOCUMENTATION_COMMENTS = YES;
				CLANG_WARN_EMPTY_BODY = YES;
				CLANG_WARN_ENUM_CONVERSION = YES;
				CLANG_WARN_INFINITE_RECURSION = YES;
				CLANG_WARN_INT_CONVERSION = YES;
				CLANG_WARN_NON_LITERAL_NULL_CONVERSION = YES;
				CLANG_WARN_OBJC_IMPLICIT_RETAIN_SELF = YES;
				CLANG_WARN_OBJC_LITERAL_CONVERSION = YES;
				CLANG_WARN_OBJC_ROOT_CLASS = YES_ERROR;
				CLANG_WARN_QUOTED_INCLUDE_IN_FRAMEWORK_HEADER = YES;
				CLANG_WARN_RANGE_LOOP_ANALYSIS = YES;
				CLANG_WARN_STRICT_PROTOTYPES = YES;
				CLANG_WARN_SUSPICIOUS_MOVE = YES;
				CLANG_WARN_UNGUARDED_AVAILABILITY = YES_AGGRESSIVE;
				CLANG_WARN_UNREACHABLE_CODE = YES;
				CLANG_WARN__DUPLICATE_METHOD_MATCH = YES;
				COPY_PHASE_STRIP = NO;
				DEBUG_INFORMATION_FORMAT = dwarf;
				ENABLE_STRICT_OBJC_MSGSEND = YES;
				ENABLE_TESTABILITY = YES;
				GCC_C_LANGUAGE_STANDARD = gnu11;
				GCC_DYNAMIC_NO_PIC = NO;
				GCC_NO_COMMON_BLOCKS = YES;
				GCC_OPTIMIZATION_LEVEL = 0;
				GCC_PREPROCESSOR_DEFINITIONS = (
					"DEBUG=1",
					"$(inherited)",
				);
				GCC_WARN_64_TO_32_BIT_CONVERSION = YES;
				GCC_WARN_ABOUT_RETURN_TYPE = YES_ERROR;
				GCC_WARN_UNDECLARED_SELECTOR = YES;
				GCC_WARN_UNINITIALIZED_AUTOS = YES_AGGRESSIVE;
				GCC_WARN_UNUSED_FUNCTION = YES;
				GCC_WARN_UNUSED_VARIABLE = YES;
				MTL_ENABLE_DEBUG_INFO = INCLUDE_SOURCE;
				MTL_FAST_MATH = YES;
				ONLY_ACTIVE_ARCH = YES;
				SWIFT_ACTIVE_COMPILATION_CONDITIONS = DEBUG;
				SWIFT_OPTIMIZATION_LEVEL = "-Onone";
			};
			name = Debug;
		};
		4148481524C33E1300720E7B /* Release */ = {
			isa = XCBuildConfiguration;
			buildSettings = {
				ALWAYS_SEARCH_USER_PATHS = NO;
				CLANG_ANALYZER_NONNULL = YES;
				CLANG_ANALYZER_NUMBER_OBJECT_CONVERSION = YES_AGGRESSIVE;
				CLANG_CXX_LANGUAGE_STANDARD = "gnu++14";
				CLANG_CXX_LIBRARY = "libc++";
				CLANG_ENABLE_MODULES = YES;
				CLANG_ENABLE_OBJC_ARC = YES;
				CLANG_ENABLE_OBJC_WEAK = YES;
				CLANG_WARN_BLOCK_CAPTURE_AUTORELEASING = YES;
				CLANG_WARN_BOOL_CONVERSION = YES;
				CLANG_WARN_COMMA = YES;
				CLANG_WARN_CONSTANT_CONVERSION = YES;
				CLANG_WARN_DEPRECATED_OBJC_IMPLEMENTATIONS = YES;
				CLANG_WARN_DIRECT_OBJC_ISA_USAGE = YES_ERROR;
				CLANG_WARN_DOCUMENTATION_COMMENTS = YES;
				CLANG_WARN_EMPTY_BODY = YES;
				CLANG_WARN_ENUM_CONVERSION = YES;
				CLANG_WARN_INFINITE_RECURSION = YES;
				CLANG_WARN_INT_CONVERSION = YES;
				CLANG_WARN_NON_LITERAL_NULL_CONVERSION = YES;
				CLANG_WARN_OBJC_IMPLICIT_RETAIN_SELF = YES;
				CLANG_WARN_OBJC_LITERAL_CONVERSION = YES;
				CLANG_WARN_OBJC_ROOT_CLASS = YES_ERROR;
				CLANG_WARN_QUOTED_INCLUDE_IN_FRAMEWORK_HEADER = YES;
				CLANG_WARN_RANGE_LOOP_ANALYSIS = YES;
				CLANG_WARN_STRICT_PROTOTYPES = YES;
				CLANG_WARN_SUSPICIOUS_MOVE = YES;
				CLANG_WARN_UNGUARDED_AVAILABILITY = YES_AGGRESSIVE;
				CLANG_WARN_UNREACHABLE_CODE = YES;
				CLANG_WARN__DUPLICATE_METHOD_MATCH = YES;
				COPY_PHASE_STRIP = NO;
				DEBUG_INFORMATION_FORMAT = "dwarf-with-dsym";
				ENABLE_NS_ASSERTIONS = NO;
				ENABLE_STRICT_OBJC_MSGSEND = YES;
				GCC_C_LANGUAGE_STANDARD = gnu11;
				GCC_NO_COMMON_BLOCKS = YES;
				GCC_WARN_64_TO_32_BIT_CONVERSION = YES;
				GCC_WARN_ABOUT_RETURN_TYPE = YES_ERROR;
				GCC_WARN_UNDECLARED_SELECTOR = YES;
				GCC_WARN_UNINITIALIZED_AUTOS = YES_AGGRESSIVE;
				GCC_WARN_UNUSED_FUNCTION = YES;
				GCC_WARN_UNUSED_VARIABLE = YES;
				MTL_ENABLE_DEBUG_INFO = NO;
				MTL_FAST_MATH = YES;
				SWIFT_COMPILATION_MODE = wholemodule;
				SWIFT_OPTIMIZATION_LEVEL = "-O";
			};
			name = Release;
		};
		4148481724C33E1300720E7B /* Debug */ = {
			isa = XCBuildConfiguration;
			buildSettings = {
				ALWAYS_EMBED_SWIFT_STANDARD_LIBRARIES = YES;
				ASSETCATALOG_COMPILER_APPICON_NAME = AppIcon;
				ASSETCATALOG_COMPILER_GLOBAL_ACCENT_COLOR_NAME = AccentColor;
				CODE_SIGN_ENTITLEMENTS = GitBrowser.entitlements;
				CODE_SIGN_STYLE = Automatic;
				DEVELOPMENT_TEAM = FABQJ9SY29;
				ENABLE_PREVIEWS = YES;
				INFOPLIST_FILE = iOS/Info.plist;
				IPHONEOS_DEPLOYMENT_TARGET = 14.0;
				LD_RUNPATH_SEARCH_PATHS = (
					"$(inherited)",
					"@executable_path/Frameworks",
				);
				PRODUCT_BUNDLE_IDENTIFIER = io.github.ravitripathi.GitBrowser;
				PRODUCT_NAME = GitBrowser;
				SDKROOT = iphoneos;
				SUPPORTS_MACCATALYST = YES;
				SWIFT_VERSION = 5.0;
				TARGETED_DEVICE_FAMILY = "1,2";
			};
			name = Debug;
		};
		4148481824C33E1300720E7B /* Release */ = {
			isa = XCBuildConfiguration;
			buildSettings = {
				ALWAYS_EMBED_SWIFT_STANDARD_LIBRARIES = YES;
				ASSETCATALOG_COMPILER_APPICON_NAME = AppIcon;
				ASSETCATALOG_COMPILER_GLOBAL_ACCENT_COLOR_NAME = AccentColor;
				CODE_SIGN_ENTITLEMENTS = GitBrowser.entitlements;
				CODE_SIGN_STYLE = Automatic;
				DEVELOPMENT_TEAM = FABQJ9SY29;
				ENABLE_PREVIEWS = YES;
				INFOPLIST_FILE = iOS/Info.plist;
				IPHONEOS_DEPLOYMENT_TARGET = 14.0;
				LD_RUNPATH_SEARCH_PATHS = (
					"$(inherited)",
					"@executable_path/Frameworks",
				);
				PRODUCT_BUNDLE_IDENTIFIER = io.github.ravitripathi.GitBrowser;
				PRODUCT_NAME = GitBrowser;
				SDKROOT = iphoneos;
				SUPPORTS_MACCATALYST = YES;
				SWIFT_VERSION = 5.0;
				TARGETED_DEVICE_FAMILY = "1,2";
				VALIDATE_PRODUCT = YES;
			};
			name = Release;
		};
		4148481A24C33E1300720E7B /* Debug */ = {
			isa = XCBuildConfiguration;
			buildSettings = {
				ASSETCATALOG_COMPILER_APPICON_NAME = AppIcon;
				ASSETCATALOG_COMPILER_GLOBAL_ACCENT_COLOR_NAME = AccentColor;
				CODE_SIGN_ENTITLEMENTS = macOS/macOS.entitlements;
				CODE_SIGN_STYLE = Automatic;
				COMBINE_HIDPI_IMAGES = YES;
				DEVELOPMENT_TEAM = FABQJ9SY29;
				ENABLE_HARDENED_RUNTIME = YES;
				ENABLE_PREVIEWS = YES;
				INFOPLIST_FILE = macOS/Info.plist;
				LD_RUNPATH_SEARCH_PATHS = (
					"$(inherited)",
					"@executable_path/../Frameworks",
				);
				MACOSX_DEPLOYMENT_TARGET = 10.16;
				PRODUCT_BUNDLE_IDENTIFIER = io.github.ravitripathi.GitBrowser;
				PRODUCT_NAME = GitBrowser;
				SDKROOT = macosx;
				SWIFT_VERSION = 5.0;
			};
			name = Debug;
		};
		4148481B24C33E1300720E7B /* Release */ = {
			isa = XCBuildConfiguration;
			buildSettings = {
				ASSETCATALOG_COMPILER_APPICON_NAME = AppIcon;
				ASSETCATALOG_COMPILER_GLOBAL_ACCENT_COLOR_NAME = AccentColor;
				CODE_SIGN_ENTITLEMENTS = macOS/macOS.entitlements;
				CODE_SIGN_STYLE = Automatic;
				COMBINE_HIDPI_IMAGES = YES;
				DEVELOPMENT_TEAM = FABQJ9SY29;
				ENABLE_HARDENED_RUNTIME = YES;
				ENABLE_PREVIEWS = YES;
				INFOPLIST_FILE = macOS/Info.plist;
				LD_RUNPATH_SEARCH_PATHS = (
					"$(inherited)",
					"@executable_path/../Frameworks",
				);
				MACOSX_DEPLOYMENT_TARGET = 10.16;
				PRODUCT_BUNDLE_IDENTIFIER = io.github.ravitripathi.GitBrowser;
				PRODUCT_NAME = GitBrowser;
				SDKROOT = macosx;
				SWIFT_VERSION = 5.0;
			};
			name = Release;
		};
		41A2396124E96593009FF1A8 /* Debug */ = {
			isa = XCBuildConfiguration;
			buildSettings = {
				CODE_SIGN_ENTITLEMENTS = WidgetIntentTargetUI/WidgetIntentTargetUI.entitlements;
				CODE_SIGN_STYLE = Automatic;
				DEVELOPMENT_TEAM = FABQJ9SY29;
				INFOPLIST_FILE = WidgetIntentTargetUI/Info.plist;
				IPHONEOS_DEPLOYMENT_TARGET = 14.0;
				LD_RUNPATH_SEARCH_PATHS = (
					"$(inherited)",
					"@executable_path/Frameworks",
					"@executable_path/../../Frameworks",
				);
				PRODUCT_BUNDLE_IDENTIFIER = io.github.ravitripathi.GitBrowser.WidgetIntentTargetUI;
				PRODUCT_NAME = "$(TARGET_NAME)";
				SDKROOT = iphoneos;
				SKIP_INSTALL = YES;
				SUPPORTS_MACCATALYST = YES;
				SWIFT_VERSION = 5.0;
				TARGETED_DEVICE_FAMILY = "1,2";
			};
			name = Debug;
		};
		41A2396224E96593009FF1A8 /* Release */ = {
			isa = XCBuildConfiguration;
			buildSettings = {
				CODE_SIGN_ENTITLEMENTS = WidgetIntentTargetUI/WidgetIntentTargetUI.entitlements;
				CODE_SIGN_STYLE = Automatic;
				DEVELOPMENT_TEAM = FABQJ9SY29;
				INFOPLIST_FILE = WidgetIntentTargetUI/Info.plist;
				IPHONEOS_DEPLOYMENT_TARGET = 14.0;
				LD_RUNPATH_SEARCH_PATHS = (
					"$(inherited)",
					"@executable_path/Frameworks",
					"@executable_path/../../Frameworks",
				);
				PRODUCT_BUNDLE_IDENTIFIER = io.github.ravitripathi.GitBrowser.WidgetIntentTargetUI;
				PRODUCT_NAME = "$(TARGET_NAME)";
				SDKROOT = iphoneos;
				SKIP_INSTALL = YES;
				SUPPORTS_MACCATALYST = YES;
				SWIFT_VERSION = 5.0;
				TARGETED_DEVICE_FAMILY = "1,2";
				VALIDATE_PRODUCT = YES;
			};
			name = Release;
		};
		41A2396424E96593009FF1A8 /* Debug */ = {
			isa = XCBuildConfiguration;
			buildSettings = {
				CODE_SIGN_ENTITLEMENTS = WidgetIntentTarget/WidgetIntentTarget.entitlements;
				CODE_SIGN_STYLE = Automatic;
				DEVELOPMENT_TEAM = FABQJ9SY29;
				INFOPLIST_FILE = WidgetIntentTarget/Info.plist;
				IPHONEOS_DEPLOYMENT_TARGET = 14.0;
				LD_RUNPATH_SEARCH_PATHS = (
					"$(inherited)",
					"@executable_path/Frameworks",
					"@executable_path/../../Frameworks",
				);
				PRODUCT_BUNDLE_IDENTIFIER = io.github.ravitripathi.GitBrowser.WidgetIntentTarget;
				PRODUCT_NAME = "$(TARGET_NAME)";
				SDKROOT = iphoneos;
				SKIP_INSTALL = YES;
				SUPPORTS_MACCATALYST = YES;
				SWIFT_VERSION = 5.0;
				TARGETED_DEVICE_FAMILY = "1,2";
			};
			name = Debug;
		};
		41A2396524E96593009FF1A8 /* Release */ = {
			isa = XCBuildConfiguration;
			buildSettings = {
				CODE_SIGN_ENTITLEMENTS = WidgetIntentTarget/WidgetIntentTarget.entitlements;
				CODE_SIGN_STYLE = Automatic;
				DEVELOPMENT_TEAM = FABQJ9SY29;
				INFOPLIST_FILE = WidgetIntentTarget/Info.plist;
				IPHONEOS_DEPLOYMENT_TARGET = 14.0;
				LD_RUNPATH_SEARCH_PATHS = (
					"$(inherited)",
					"@executable_path/Frameworks",
					"@executable_path/../../Frameworks",
				);
				PRODUCT_BUNDLE_IDENTIFIER = io.github.ravitripathi.GitBrowser.WidgetIntentTarget;
				PRODUCT_NAME = "$(TARGET_NAME)";
				SDKROOT = iphoneos;
				SKIP_INSTALL = YES;
				SUPPORTS_MACCATALYST = YES;
				SWIFT_VERSION = 5.0;
				TARGETED_DEVICE_FAMILY = "1,2";
				VALIDATE_PRODUCT = YES;
			};
			name = Release;
		};
		41C483EB24CC98E6000515E9 /* Debug */ = {
			isa = XCBuildConfiguration;
			buildSettings = {
				ASSETCATALOG_COMPILER_GLOBAL_ACCENT_COLOR_NAME = AccentColor;
				ASSETCATALOG_COMPILER_WIDGET_BACKGROUND_COLOR_NAME = WidgetBackground;
				CODE_SIGN_ENTITLEMENTS = GitBrowserWidgetExtension.entitlements;
				CODE_SIGN_STYLE = Automatic;
				DEVELOPMENT_TEAM = FABQJ9SY29;
				INFOPLIST_FILE = GitBrowserWidget/Info.plist;
				IPHONEOS_DEPLOYMENT_TARGET = 14.0;
				LD_RUNPATH_SEARCH_PATHS = (
					"$(inherited)",
					"@executable_path/Frameworks",
					"@executable_path/../../Frameworks",
				);
				PRODUCT_BUNDLE_IDENTIFIER = io.github.ravitripathi.GitBrowser.GitBrowserWidget;
				PRODUCT_NAME = "$(TARGET_NAME)";
				SDKROOT = iphoneos;
				SKIP_INSTALL = YES;
				SUPPORTS_MACCATALYST = YES;
				SWIFT_VERSION = 5.0;
				TARGETED_DEVICE_FAMILY = "1,2";
			};
			name = Debug;
		};
		41C483EC24CC98E6000515E9 /* Release */ = {
			isa = XCBuildConfiguration;
			buildSettings = {
				ASSETCATALOG_COMPILER_GLOBAL_ACCENT_COLOR_NAME = AccentColor;
				ASSETCATALOG_COMPILER_WIDGET_BACKGROUND_COLOR_NAME = WidgetBackground;
				CODE_SIGN_ENTITLEMENTS = GitBrowserWidgetExtension.entitlements;
				CODE_SIGN_STYLE = Automatic;
				DEVELOPMENT_TEAM = FABQJ9SY29;
				INFOPLIST_FILE = GitBrowserWidget/Info.plist;
				IPHONEOS_DEPLOYMENT_TARGET = 14.0;
				LD_RUNPATH_SEARCH_PATHS = (
					"$(inherited)",
					"@executable_path/Frameworks",
					"@executable_path/../../Frameworks",
				);
				PRODUCT_BUNDLE_IDENTIFIER = io.github.ravitripathi.GitBrowser.GitBrowserWidget;
				PRODUCT_NAME = "$(TARGET_NAME)";
				SDKROOT = iphoneos;
				SKIP_INSTALL = YES;
				SUPPORTS_MACCATALYST = YES;
				SWIFT_VERSION = 5.0;
				TARGETED_DEVICE_FAMILY = "1,2";
				VALIDATE_PRODUCT = YES;
			};
			name = Release;
		};
/* End XCBuildConfiguration section */

/* Begin XCConfigurationList section */
		414847F924C33E1300720E7B /* Build configuration list for PBXProject "GitBrowser" */ = {
			isa = XCConfigurationList;
			buildConfigurations = (
				4148481424C33E1300720E7B /* Debug */,
				4148481524C33E1300720E7B /* Release */,
			);
			defaultConfigurationIsVisible = 0;
			defaultConfigurationName = Release;
		};
		4148481624C33E1300720E7B /* Build configuration list for PBXNativeTarget "GitBrowser (iOS)" */ = {
			isa = XCConfigurationList;
			buildConfigurations = (
				4148481724C33E1300720E7B /* Debug */,
				4148481824C33E1300720E7B /* Release */,
			);
			defaultConfigurationIsVisible = 0;
			defaultConfigurationName = Release;
		};
		4148481924C33E1300720E7B /* Build configuration list for PBXNativeTarget "GitBrowser (macOS)" */ = {
			isa = XCConfigurationList;
			buildConfigurations = (
				4148481A24C33E1300720E7B /* Debug */,
				4148481B24C33E1300720E7B /* Release */,
			);
			defaultConfigurationIsVisible = 0;
			defaultConfigurationName = Release;
		};
		41A2396024E96593009FF1A8 /* Build configuration list for PBXNativeTarget "WidgetIntentTargetUI" */ = {
			isa = XCConfigurationList;
			buildConfigurations = (
				41A2396124E96593009FF1A8 /* Debug */,
				41A2396224E96593009FF1A8 /* Release */,
			);
			defaultConfigurationIsVisible = 0;
			defaultConfigurationName = Release;
		};
		41A2396324E96593009FF1A8 /* Build configuration list for PBXNativeTarget "WidgetIntentTarget" */ = {
			isa = XCConfigurationList;
			buildConfigurations = (
				41A2396424E96593009FF1A8 /* Debug */,
				41A2396524E96593009FF1A8 /* Release */,
			);
			defaultConfigurationIsVisible = 0;
			defaultConfigurationName = Release;
		};
		41C483EA24CC98E6000515E9 /* Build configuration list for PBXNativeTarget "GitBrowserWidgetExtension" */ = {
			isa = XCConfigurationList;
			buildConfigurations = (
				41C483EB24CC98E6000515E9 /* Debug */,
				41C483EC24CC98E6000515E9 /* Release */,
			);
			defaultConfigurationIsVisible = 0;
			defaultConfigurationName = Release;
		};
/* End XCConfigurationList section */

/* Begin XCRemoteSwiftPackageReference section */
		4148482D24C364C800720E7B /* XCRemoteSwiftPackageReference "Kingfisher" */ = {
			isa = XCRemoteSwiftPackageReference;
			repositoryURL = "https://github.com/onevcat/Kingfisher.git";
			requirement = {
				kind = upToNextMajorVersion;
				minimumVersion = 5.14.1;
			};
		};
/* End XCRemoteSwiftPackageReference section */

/* Begin XCSwiftPackageProductDependency section */
		41354EA024CD685A00E181CB /* KingfisherSwiftUI */ = {
			isa = XCSwiftPackageProductDependency;
			package = 4148482D24C364C800720E7B /* XCRemoteSwiftPackageReference "Kingfisher" */;
			productName = KingfisherSwiftUI;
		};
		4148482E24C364C800720E7B /* KingfisherSwiftUI */ = {
			isa = XCSwiftPackageProductDependency;
			package = 4148482D24C364C800720E7B /* XCRemoteSwiftPackageReference "Kingfisher" */;
			productName = KingfisherSwiftUI;
		};
/* End XCSwiftPackageProductDependency section */
	};
	rootObject = 414847F624C33E1300720E7B /* Project object */;
}
